
Microsoft Visual Studio Solution File, Format Version 12.00
# Visual Studio Version 17
VisualStudioVersion = 17.4.33110.190
MinimumVisualStudioVersion = 10.0.40219.1
Project("{9A19103F-16F7-4668-BE54-9A1E7A4F7556}") = "usermg_backend", "usermg_backend\usermg_backend.csproj", "{4682F669-A539-4D24-A393-0926A50DB87D}"
EndProject
Project("{FAE04EC0-301F-11D3-BF4B-00C04F79EFBC}") = "DataLayer", "DataLayer\DataLayer.csproj", "{3FA5AC40-D1BF-45BA-B76D-9413AE80EA09}"
EndProject
Global
	GlobalSection(SolutionConfigurationPlatforms) = preSolution
		Debug|Any CPU = Debug|Any CPU
		Release|Any CPU = Release|Any CPU
	EndGlobalSection
	GlobalSection(ProjectConfigurationPlatforms) = postSolution
		{4682F669-A539-4D24-A393-0926A50DB87D}.Debug|Any CPU.ActiveCfg = Debug|Any CPU
		{4682F669-A539-4D24-A393-0926A50DB87D}.Debug|Any CPU.Build.0 = Debug|Any CPU
		{4682F669-A539-4D24-A393-0926A50DB87D}.Release|Any CPU.ActiveCfg = Release|Any CPU
		{4682F669-A539-4D24-A393-0926A50DB87D}.Release|Any CPU.Build.0 = Release|Any CPU
		{3FA5AC40-D1BF-45BA-B76D-9413AE80EA09}.Debug|Any CPU.ActiveCfg = Debug|Any CPU
		{3FA5AC40-D1BF-45BA-B76D-9413AE80EA09}.Debug|Any CPU.Build.0 = Debug|Any CPU
		{3FA5AC40-D1BF-45BA-B76D-9413AE80EA09}.Release|Any CPU.ActiveCfg = Release|Any CPU
		{3FA5AC40-D1BF-45BA-B76D-9413AE80EA09}.Release|Any CPU.Build.0 = Release|Any CPU
	EndGlobalSection
	GlobalSection(SolutionProperties) = preSolution
		HideSolutionNode = FALSE
	EndGlobalSection
	GlobalSection(ExtensibilityGlobals) = postSolution
		SolutionGuid = {9AD571B7-8D07-4521-918C-E2C2A969D8EF}
	EndGlobalSection
EndGlobal
